{
  "object": {
    "pins": [
      {
        "package": "GlideEngine",
        "repositoryURL": "https://github.com/cocoatoucher/Glide.git",
        "state": {
          "branch": null,
          "revision": "c2c9425c7bfcaa11511384131597a2b68557cbdf",
          "version": "1.0.4"
        }
      }
    ]
  },
  "version": 1
}
