{
  "object": {
    "pins": [
      {
        "package": "GlideEngine",
        "repositoryURL": "https://github.com/cocoatoucher/Glide.git",
        "state": {
          "branch": null,
          "revision": "dfbcd603729ea8c030fca621524d311eb7d9fdd6",
          "version": "1.0.4"
        }
      }
    ]
  },
  "version": 1
}
